
Microsoft Visual Studio Solution File, Format Version 12.00
# Visual Studio 2012
Project("{FAE04EC0-301F-11D3-BF4B-00C04F79EFBC}") = "YABDL", "YABDL.csproj", "{B2115164-FDD9-43AD-9FC6-F5CE4128D524}"
EndProject
Project("{2150E333-8FDC-42A3-9474-1A3956D46DE8}") = "Solution Items", "Solution Items", "{767B7827-7129-4116-8965-7CA28D26F7C7}"
	ProjectSection(SolutionItems) = preProject
		..\README.md = ..\README.md
		..\LICENSE = ..\LICENSE
		TODO.txt = TODO.txt
	EndProjectSection
EndProject
Global
	GlobalSection(SolutionConfigurationPlatforms) = preSolution
		Debug|x86 = Debug|x86
		Release|x86 = Release|x86
	EndGlobalSection
	GlobalSection(ProjectConfigurationPlatforms) = postSolution
		{B2115164-FDD9-43AD-9FC6-F5CE4128D524}.Debug|x86.ActiveCfg = Debug|x86
		{B2115164-FDD9-43AD-9FC6-F5CE4128D524}.Debug|x86.Build.0 = Debug|x86
		{B2115164-FDD9-43AD-9FC6-F5CE4128D524}.Release|x86.ActiveCfg = Release|x86
		{B2115164-FDD9-43AD-9FC6-F5CE4128D524}.Release|x86.Build.0 = Release|x86
	EndGlobalSection
	GlobalSection(NestedProjects) = preSolution
	EndGlobalSection
EndGlobal
